
Microsoft Visual Studio Solution File, Format Version 12.00
# Visual Studio Version 17
VisualStudioVersion = 17.0.31903.59
MinimumVisualStudioVersion = 10.0.40219.1
Project("{2150E333-8FDC-42A3-9474-1A3956D46DE8}") = "src", "src", "{827E0CD3-B72D-47B6-A68D-7590B98EB39B}"
EndProject
Project("{9A19103F-16F7-4668-BE54-9A1E7A4F7556}") = "GameTools.Core", "src\GameTools.Core\GameTools.Core.csproj", "{0AD400FC-EB62-4A88-8207-0AA814641DBD}"
EndProject
Project("{9A19103F-16F7-4668-BE54-9A1E7A4F7556}") = "GameTools.Win32", "src\GameTools.Win32\GameTools.Win32.csproj", "{4328C99F-8A98-4A9D-91DF-5FA49D954C76}"
EndProject
Project("{9A19103F-16F7-4668-BE54-9A1E7A4F7556}") = "GameTools.Infrastructure", "src\GameTools.Infrastructure\GameTools.Infrastructure.csproj", "{DC5A87BD-227A-479D-8C51-8D630C6A7111}"
EndProject
Project("{9A19103F-16F7-4668-BE54-9A1E7A4F7556}") = "GameTools.App", "src\GameTools.App\GameTools.App.csproj", "{61C3CD36-5F2B-48F6-A06A-CA154555BAE6}"
EndProject
Project("{9A19103F-16F7-4668-BE54-9A1E7A4F7556}") = "GameTools.Tests", "tests\GameTools.Tests\GameTools.Tests.csproj", "{8AF1E080-707B-4F1E-8797-910244F0E09F}"
EndProject
Project("{2150E333-8FDC-42A3-9474-1A3956D46DE8}") = "tests", "tests", "{0AB3BF05-4346-4AA6-1389-037BE0695223}"
EndProject
Global
	GlobalSection(SolutionConfigurationPlatforms) = preSolution
		Debug|Any CPU = Debug|Any CPU
		Debug|x64 = Debug|x64
		Debug|x86 = Debug|x86
		Release|Any CPU = Release|Any CPU
		Release|x64 = Release|x64
		Release|x86 = Release|x86
	EndGlobalSection
	GlobalSection(ProjectConfigurationPlatforms) = postSolution
		{0AD400FC-EB62-4A88-8207-0AA814641DBD}.Debug|Any CPU.ActiveCfg = Debug|Any CPU
		{0AD400FC-EB62-4A88-8207-0AA814641DBD}.Debug|Any CPU.Build.0 = Debug|Any CPU
		{0AD400FC-EB62-4A88-8207-0AA814641DBD}.Debug|x64.ActiveCfg = Debug|Any CPU
		{0AD400FC-EB62-4A88-8207-0AA814641DBD}.Debug|x64.Build.0 = Debug|Any CPU
		{0AD400FC-EB62-4A88-8207-0AA814641DBD}.Debug|x86.ActiveCfg = Debug|Any CPU
		{0AD400FC-EB62-4A88-8207-0AA814641DBD}.Debug|x86.Build.0 = Debug|Any CPU
		{0AD400FC-EB62-4A88-8207-0AA814641DBD}.Release|Any CPU.ActiveCfg = Release|Any CPU
		{0AD400FC-EB62-4A88-8207-0AA814641DBD}.Release|Any CPU.Build.0 = Release|Any CPU
		{0AD400FC-EB62-4A88-8207-0AA814641DBD}.Release|x64.ActiveCfg = Release|Any CPU
		{0AD400FC-EB62-4A88-8207-0AA814641DBD}.Release|x64.Build.0 = Release|Any CPU
		{0AD400FC-EB62-4A88-8207-0AA814641DBD}.Release|x86.ActiveCfg = Release|Any CPU
		{0AD400FC-EB62-4A88-8207-0AA814641DBD}.Release|x86.Build.0 = Release|Any CPU
		{4328C99F-8A98-4A9D-91DF-5FA49D954C76}.Debug|Any CPU.ActiveCfg = Debug|Any CPU
		{4328C99F-8A98-4A9D-91DF-5FA49D954C76}.Debug|Any CPU.Build.0 = Debug|Any CPU
		{4328C99F-8A98-4A9D-91DF-5FA49D954C76}.Debug|x64.ActiveCfg = Debug|Any CPU
		{4328C99F-8A98-4A9D-91DF-5FA49D954C76}.Debug|x64.Build.0 = Debug|Any CPU
		{4328C99F-8A98-4A9D-91DF-5FA49D954C76}.Debug|x86.ActiveCfg = Debug|Any CPU
		{4328C99F-8A98-4A9D-91DF-5FA49D954C76}.Debug|x86.Build.0 = Debug|Any CPU
		{4328C99F-8A98-4A9D-91DF-5FA49D954C76}.Release|Any CPU.ActiveCfg = Release|Any CPU
		{4328C99F-8A98-4A9D-91DF-5FA49D954C76}.Release|Any CPU.Build.0 = Release|Any CPU
		{4328C99F-8A98-4A9D-91DF-5FA49D954C76}.Release|x64.ActiveCfg = Release|Any CPU
		{4328C99F-8A98-4A9D-91DF-5FA49D954C76}.Release|x64.Build.0 = Release|Any CPU
		{4328C99F-8A98-4A9D-91DF-5FA49D954C76}.Release|x86.ActiveCfg = Release|Any CPU
		{4328C99F-8A98-4A9D-91DF-5FA49D954C76}.Release|x86.Build.0 = Release|Any CPU
		{DC5A87BD-227A-479D-8C51-8D630C6A7111}.Debug|Any CPU.ActiveCfg = Debug|Any CPU
		{DC5A87BD-227A-479D-8C51-8D630C6A7111}.Debug|Any CPU.Build.0 = Debug|Any CPU
		{DC5A87BD-227A-479D-8C51-8D630C6A7111}.Debug|x64.ActiveCfg = Debug|Any CPU
		{DC5A87BD-227A-479D-8C51-8D630C6A7111}.Debug|x64.Build.0 = Debug|Any CPU
		{DC5A87BD-227A-479D-8C51-8D630C6A7111}.Debug|x86.ActiveCfg = Debug|Any CPU
		{DC5A87BD-227A-479D-8C51-8D630C6A7111}.Debug|x86.Build.0 = Debug|Any CPU
		{DC5A87BD-227A-479D-8C51-8D630C6A7111}.Release|Any CPU.ActiveCfg = Release|Any CPU
		{DC5A87BD-227A-479D-8C51-8D630C6A7111}.Release|Any CPU.Build.0 = Release|Any CPU
		{DC5A87BD-227A-479D-8C51-8D630C6A7111}.Release|x64.ActiveCfg = Release|Any CPU
		{DC5A87BD-227A-479D-8C51-8D630C6A7111}.Release|x64.Build.0 = Release|Any CPU
		{DC5A87BD-227A-479D-8C51-8D630C6A7111}.Release|x86.ActiveCfg = Release|Any CPU
		{DC5A87BD-227A-479D-8C51-8D630C6A7111}.Release|x86.Build.0 = Release|Any CPU
		{61C3CD36-5F2B-48F6-A06A-CA154555BAE6}.Debug|Any CPU.ActiveCfg = Debug|Any CPU
		{61C3CD36-5F2B-48F6-A06A-CA154555BAE6}.Debug|Any CPU.Build.0 = Debug|Any CPU
		{61C3CD36-5F2B-48F6-A06A-CA154555BAE6}.Debug|x64.ActiveCfg = Debug|Any CPU
		{61C3CD36-5F2B-48F6-A06A-CA154555BAE6}.Debug|x64.Build.0 = Debug|Any CPU
		{61C3CD36-5F2B-48F6-A06A-CA154555BAE6}.Debug|x86.ActiveCfg = Debug|Any CPU
		{61C3CD36-5F2B-48F6-A06A-CA154555BAE6}.Debug|x86.Build.0 = Debug|Any CPU
		{61C3CD36-5F2B-48F6-A06A-CA154555BAE6}.Release|Any CPU.ActiveCfg = Release|Any CPU
		{61C3CD36-5F2B-48F6-A06A-CA154555BAE6}.Release|Any CPU.Build.0 = Release|Any CPU
		{61C3CD36-5F2B-48F6-A06A-CA154555BAE6}.Release|x64.ActiveCfg = Release|Any CPU
		{61C3CD36-5F2B-48F6-A06A-CA154555BAE6}.Release|x64.Build.0 = Release|Any CPU
		{61C3CD36-5F2B-48F6-A06A-CA154555BAE6}.Release|x86.ActiveCfg = Release|Any CPU
		{61C3CD36-5F2B-48F6-A06A-CA154555BAE6}.Release|x86.Build.0 = Release|Any CPU
		{8AF1E080-707B-4F1E-8797-910244F0E09F}.Debug|Any CPU.ActiveCfg = Debug|Any CPU
		{8AF1E080-707B-4F1E-8797-910244F0E09F}.Debug|Any CPU.Build.0 = Debug|Any CPU
		{8AF1E080-707B-4F1E-8797-910244F0E09F}.Debug|x64.ActiveCfg = Debug|Any CPU
		{8AF1E080-707B-4F1E-8797-910244F0E09F}.Debug|x64.Build.0 = Debug|Any CPU
		{8AF1E080-707B-4F1E-8797-910244F0E09F}.Debug|x86.ActiveCfg = Debug|Any CPU
		{8AF1E080-707B-4F1E-8797-910244F0E09F}.Debug|x86.Build.0 = Debug|Any CPU
		{8AF1E080-707B-4F1E-8797-910244F0E09F}.Release|Any CPU.ActiveCfg = Release|Any CPU
		{8AF1E080-707B-4F1E-8797-910244F0E09F}.Release|Any CPU.Build.0 = Release|Any CPU
		{8AF1E080-707B-4F1E-8797-910244F0E09F}.Release|x64.ActiveCfg = Release|Any CPU
		{8AF1E080-707B-4F1E-8797-910244F0E09F}.Release|x64.Build.0 = Release|Any CPU
		{8AF1E080-707B-4F1E-8797-910244F0E09F}.Release|x86.ActiveCfg = Release|Any CPU
		{8AF1E080-707B-4F1E-8797-910244F0E09F}.Release|x86.Build.0 = Release|Any CPU
	EndGlobalSection
	GlobalSection(SolutionProperties) = preSolution
		HideSolutionNode = FALSE
	EndGlobalSection
	GlobalSection(NestedProjects) = preSolution
		{0AD400FC-EB62-4A88-8207-0AA814641DBD} = {827E0CD3-B72D-47B6-A68D-7590B98EB39B}
		{4328C99F-8A98-4A9D-91DF-5FA49D954C76} = {827E0CD3-B72D-47B6-A68D-7590B98EB39B}
		{DC5A87BD-227A-479D-8C51-8D630C6A7111} = {827E0CD3-B72D-47B6-A68D-7590B98EB39B}
		{61C3CD36-5F2B-48F6-A06A-CA154555BAE6} = {827E0CD3-B72D-47B6-A68D-7590B98EB39B}
		{8AF1E080-707B-4F1E-8797-910244F0E09F} = {0AB3BF05-4346-4AA6-1389-037BE0695223}
	EndGlobalSection
EndGlobal
